
Microsoft Visual Studio Solution File, Format Version 12.00
# Visual Studio Version 16
VisualStudioVersion = 16.0.31624.102
MinimumVisualStudioVersion = 10.0.40219.1
Project("{FAE04EC0-301F-11D3-BF4B-00C04F79EFBC}") = "stackandqueue", "stackandqueue.csproj", "{F196ABFB-1BDF-4C73-9303-075CF91DABAB}"
EndProject
Global
	GlobalSection(SolutionConfigurationPlatforms) = preSolution
		Debug|Any CPU = Debug|Any CPU
		Release|Any CPU = Release|Any CPU
	EndGlobalSection
	GlobalSection(ProjectConfigurationPlatforms) = postSolution
		{F196ABFB-1BDF-4C73-9303-075CF91DABAB}.Debug|Any CPU.ActiveCfg = Debug|Any CPU
		{F196ABFB-1BDF-4C73-9303-075CF91DABAB}.Debug|Any CPU.Build.0 = Debug|Any CPU
		{F196ABFB-1BDF-4C73-9303-075CF91DABAB}.Release|Any CPU.ActiveCfg = Release|Any CPU
		{F196ABFB-1BDF-4C73-9303-075CF91DABAB}.Release|Any CPU.Build.0 = Release|Any CPU
	EndGlobalSection
	GlobalSection(SolutionProperties) = preSolution
		HideSolutionNode = FALSE
	EndGlobalSection
	GlobalSection(ExtensibilityGlobals) = postSolution
		SolutionGuid = {8C6B345C-7793-4E85-B7C4-97F7B25D4710}
	EndGlobalSection
EndGlobal
